// !$*UTF8*$!
{
	archiveVersion = 1;
	classes = {
	};
	objectVersion = 46;
	objects = {

/* Begin PBXBuildFile section */
		7824BDD51E21A15E00F5A6E6 /* AppDelegate.swift in Sources */ = {isa = PBXBuildFile; fileRef = 7824BDD41E21A15E00F5A6E6 /* AppDelegate.swift */; };
		7824BDD71E21A15E00F5A6E6 /* MealViewController.swift in Sources */ = {isa = PBXBuildFile; fileRef = 7824BDD61E21A15E00F5A6E6 /* MealViewController.swift */; };
		7824BDDA1E21A15E00F5A6E6 /* Main.storyboard in Resources */ = {isa = PBXBuildFile; fileRef = 7824BDD81E21A15E00F5A6E6 /* Main.storyboard */; };
		7824BDDC1E21A15E00F5A6E6 /* Assets.xcassets in Resources */ = {isa = PBXBuildFile; fileRef = 7824BDDB1E21A15E00F5A6E6 /* Assets.xcassets */; };
		7824BDDF1E21A15E00F5A6E6 /* LaunchScreen.storyboard in Resources */ = {isa = PBXBuildFile; fileRef = 7824BDDD1E21A15E00F5A6E6 /* LaunchScreen.storyboard */; };
		7824BDEA1E21A15E00F5A6E6 /* FoodTrackerTests.swift in Sources */ = {isa = PBXBuildFile; fileRef = 7824BDE91E21A15E00F5A6E6 /* FoodTrackerTests.swift */; };
		7824BDF51E21A15E00F5A6E6 /* FoodTrackerUITests.swift in Sources */ = {isa = PBXBuildFile; fileRef = 7824BDF41E21A15E00F5A6E6 /* FoodTrackerUITests.swift */; };
		782581B01E233CEE00AA0345 /* MealTableViewController.swift in Sources */ = {isa = PBXBuildFile; fileRef = 782581AF1E233CEE00AA0345 /* MealTableViewController.swift */; };
		783EC41F1E23397500615DEB /* MealTableViewCell.swift in Sources */ = {isa = PBXBuildFile; fileRef = 783EC41E1E23397500615DEB /* MealTableViewCell.swift */; };
		784CA03B1E22B2EF00978ABF /* RatingControl.swift in Sources */ = {isa = PBXBuildFile; fileRef = 784CA03A1E22B2EF00978ABF /* RatingControl.swift */; };
		784CA03D1E22BDC300978ABF /* Meal.swift in Sources */ = {isa = PBXBuildFile; fileRef = 784CA03C1E22BDC300978ABF /* Meal.swift */; };
/* End PBXBuildFile section */

/* Begin PBXContainerItemProxy section */
		7824BDE61E21A15E00F5A6E6 /* PBXContainerItemProxy */ = {
			isa = PBXContainerItemProxy;
			containerPortal = 7824BDC91E21A15D00F5A6E6 /* Project object */;
			proxyType = 1;
			remoteGlobalIDString = 7824BDD01E21A15D00F5A6E6;
			remoteInfo = FoodTracker;
		};
		7824BDF11E21A15E00F5A6E6 /* PBXContainerItemProxy */ = {
			isa = PBXContainerItemProxy;
			containerPortal = 7824BDC91E21A15D00F5A6E6 /* Project object */;
			proxyType = 1;
			remoteGlobalIDString = 7824BDD01E21A15D00F5A6E6;
			remoteInfo = FoodTracker;
		};
/* End PBXContainerItemProxy section */

/* Begin PBXFileReference section */
		7824BDD11E21A15D00F5A6E6 /* FoodTracker.app */ = {isa = PBXFileReference; explicitFileType = wrapper.application; includeInIndex = 0; path = FoodTracker.app; sourceTree = BUILT_PRODUCTS_DIR; };
		7824BDD41E21A15E00F5A6E6 /* AppDelegate.swift */ = {isa = PBXFileReference; lastKnownFileType = sourcecode.swift; path = AppDelegate.swift; sourceTree = "<group>"; };
		7824BDD61E21A15E00F5A6E6 /* MealViewController.swift */ = {isa = PBXFileReference; lastKnownFileType = sourcecode.swift; path = MealViewController.swift; sourceTree = "<group>"; };
		7824BDD91E21A15E00F5A6E6 /* Base */ = {isa = PBXFileReference; lastKnownFileType = file.storyboard; name = Base; path = Base.lproj/Main.storyboard; sourceTree = "<group>"; };
		7824BDDB1E21A15E00F5A6E6 /* Assets.xcassets */ = {isa = PBXFileReference; lastKnownFileType = folder.assetcatalog; path = Assets.xcassets; sourceTree = "<group>"; };
		7824BDDE1E21A15E00F5A6E6 /* Base */ = {isa = PBXFileReference; lastKnownFileType = file.storyboard; name = Base; path = Base.lproj/LaunchScreen.storyboard; sourceTree = "<group>"; };
		7824BDE01E21A15E00F5A6E6 /* Info.plist */ = {isa = PBXFileReference; lastKnownFileType = text.plist.xml; path = Info.plist; sourceTree = "<group>"; };
		7824BDE51E21A15E00F5A6E6 /* FoodTrackerTests.xctest */ = {isa = PBXFileReference; explicitFileType = wrapper.cfbundle; includeInIndex = 0; path = FoodTrackerTests.xctest; sourceTree = BUILT_PRODUCTS_DIR; };
		7824BDE91E21A15E00F5A6E6 /* FoodTrackerTests.swift */ = {isa = PBXFileReference; lastKnownFileType = sourcecode.swift; path = FoodTrackerTests.swift; sourceTree = "<group>"; };
		7824BDEB1E21A15E00F5A6E6 /* Info.plist */ = {isa = PBXFileReference; lastKnownFileType = text.plist.xml; path = Info.plist; sourceTree = "<group>"; };
		7824BDF01E21A15E00F5A6E6 /* FoodTrackerUITests.xctest */ = {isa = PBXFileReference; explicitFileType = wrapper.cfbundle; includeInIndex = 0; path = FoodTrackerUITests.xctest; sourceTree = BUILT_PRODUCTS_DIR; };
		7824BDF41E21A15E00F5A6E6 /* FoodTrackerUITests.swift */ = {isa = PBXFileReference; lastKnownFileType = sourcecode.swift; path = FoodTrackerUITests.swift; sourceTree = "<group>"; };
		7824BDF61E21A15E00F5A6E6 /* Info.plist */ = {isa = PBXFileReference; lastKnownFileType = text.plist.xml; path = Info.plist; sourceTree = "<group>"; };
		782581AF1E233CEE00AA0345 /* MealTableViewController.swift */ = {isa = PBXFileReference; fileEncoding = 4; lastKnownFileType = sourcecode.swift; path = MealTableViewController.swift; sourceTree = "<group>"; };
		783EC41E1E23397500615DEB /* MealTableViewCell.swift */ = {isa = PBXFileReference; fileEncoding = 4; lastKnownFileType = sourcecode.swift; path = MealTableViewCell.swift; sourceTree = "<group>"; };
		784CA03A1E22B2EF00978ABF /* RatingControl.swift */ = {isa = PBXFileReference; fileEncoding = 4; lastKnownFileType = sourcecode.swift; path = RatingControl.swift; sourceTree = "<group>"; };
		784CA03C1E22BDC300978ABF /* Meal.swift */ = {isa = PBXFileReference; fileEncoding = 4; lastKnownFileType = sourcecode.swift; path = Meal.swift; sourceTree = "<group>"; };
/* End PBXFileReference section */

/* Begin PBXFrameworksBuildPhase section */
		7824BDCE1E21A15D00F5A6E6 /* Frameworks */ = {
			isa = PBXFrameworksBuildPhase;
			buildActionMask = 2147483647;
			files = (
			);
			runOnlyForDeploymentPostprocessing = 0;
		};
		7824BDE21E21A15E00F5A6E6 /* Frameworks */ = {
			isa = PBXFrameworksBuildPhase;
			buildActionMask = 2147483647;
			files = (
			);
			runOnlyForDeploymentPostprocessing = 0;
		};
		7824BDED1E21A15E00F5A6E6 /* Frameworks */ = {
			isa = PBXFrameworksBuildPhase;
			buildActionMask = 2147483647;
			files = (
			);
			runOnlyForDeploymentPostprocessing = 0;
		};
/* End PBXFrameworksBuildPhase section */

/* Begin PBXGroup section */
		7824BDC81E21A15D00F5A6E6 = {
			isa = PBXGroup;
			children = (
				7824BDD31E21A15D00F5A6E6 /* FoodTracker */,
				7824BDE81E21A15E00F5A6E6 /* FoodTrackerTests */,
				7824BDF31E21A15E00F5A6E6 /* FoodTrackerUITests */,
				7824BDD21E21A15D00F5A6E6 /* Products */,
			);
			sourceTree = "<group>";
		};
		7824BDD21E21A15D00F5A6E6 /* Products */ = {
			isa = PBXGroup;
			children = (
				7824BDD11E21A15D00F5A6E6 /* FoodTracker.app */,
				7824BDE51E21A15E00F5A6E6 /* FoodTrackerTests.xctest */,
				7824BDF01E21A15E00F5A6E6 /* FoodTrackerUITests.xctest */,
			);
			name = Products;
			sourceTree = "<group>";
		};
		7824BDD31E21A15D00F5A6E6 /* FoodTracker */ = {
			isa = PBXGroup;
			children = (
				7824BDD41E21A15E00F5A6E6 /* AppDelegate.swift */,
				7824BDD61E21A15E00F5A6E6 /* MealViewController.swift */,
				7824BDD81E21A15E00F5A6E6 /* Main.storyboard */,
				782581AF1E233CEE00AA0345 /* MealTableViewController.swift */,
				783EC41E1E23397500615DEB /* MealTableViewCell.swift */,
				784CA03C1E22BDC300978ABF /* Meal.swift */,
				784CA03A1E22B2EF00978ABF /* RatingControl.swift */,
				7824BDDB1E21A15E00F5A6E6 /* Assets.xcassets */,
				7824BDDD1E21A15E00F5A6E6 /* LaunchScreen.storyboard */,
				7824BDE01E21A15E00F5A6E6 /* Info.plist */,
			);
			path = FoodTracker;
			sourceTree = "<group>";
		};
		7824BDE81E21A15E00F5A6E6 /* FoodTrackerTests */ = {
			isa = PBXGroup;
			children = (
				7824BDE91E21A15E00F5A6E6 /* FoodTrackerTests.swift */,
				7824BDEB1E21A15E00F5A6E6 /* Info.plist */,
			);
			path = FoodTrackerTests;
			sourceTree = "<group>";
		};
		7824BDF31E21A15E00F5A6E6 /* FoodTrackerUITests */ = {
			isa = PBXGroup;
			children = (
				7824BDF41E21A15E00F5A6E6 /* FoodTrackerUITests.swift */,
				7824BDF61E21A15E00F5A6E6 /* Info.plist */,
			);
			path = FoodTrackerUITests;
			sourceTree = "<group>";
		};
/* End PBXGroup section */

/* Begin PBXNativeTarget section */
		7824BDD01E21A15D00F5A6E6 /* FoodTracker */ = {
			isa = PBXNativeTarget;
			buildConfigurationList = 7824BDF91E21A15E00F5A6E6 /* Build configuration list for PBXNativeTarget "FoodTracker" */;
			buildPhases = (
				7824BDCD1E21A15D00F5A6E6 /* Sources */,
				7824BDCE1E21A15D00F5A6E6 /* Frameworks */,
				7824BDCF1E21A15D00F5A6E6 /* Resources */,
			);
			buildRules = (
			);
			dependencies = (
			);
			name = FoodTracker;
			productName = FoodTracker;
			productReference = 7824BDD11E21A15D00F5A6E6 /* FoodTracker.app */;
			productType = "com.apple.product-type.application";
		};
		7824BDE41E21A15E00F5A6E6 /* FoodTrackerTests */ = {
			isa = PBXNativeTarget;
			buildConfigurationList = 7824BDFC1E21A15E00F5A6E6 /* Build configuration list for PBXNativeTarget "FoodTrackerTests" */;
			buildPhases = (
				7824BDE11E21A15E00F5A6E6 /* Sources */,
				7824BDE21E21A15E00F5A6E6 /* Frameworks */,
				7824BDE31E21A15E00F5A6E6 /* Resources */,
			);
			buildRules = (
			);
			dependencies = (
				7824BDE71E21A15E00F5A6E6 /* PBXTargetDependency */,
			);
			name = FoodTrackerTests;
			productName = FoodTrackerTests;
			productReference = 7824BDE51E21A15E00F5A6E6 /* FoodTrackerTests.xctest */;
			productType = "com.apple.product-type.bundle.unit-test";
		};
		7824BDEF1E21A15E00F5A6E6 /* FoodTrackerUITests */ = {
			isa = PBXNativeTarget;
			buildConfigurationList = 7824BDFF1E21A15E00F5A6E6 /* Build configuration list for PBXNativeTarget "FoodTrackerUITests" */;
			buildPhases = (
				7824BDEC1E21A15E00F5A6E6 /* Sources */,
				7824BDED1E21A15E00F5A6E6 /* Frameworks */,
				7824BDEE1E21A15E00F5A6E6 /* Resources */,
			);
			buildRules = (
			);
			dependencies = (
				7824BDF21E21A15E00F5A6E6 /* PBXTargetDependency */,
			);
			name = FoodTrackerUITests;
			productName = FoodTrackerUITests;
			productReference = 7824BDF01E21A15E00F5A6E6 /* FoodTrackerUITests.xctest */;
			productType = "com.apple.product-type.bundle.ui-testing";
		};
/* End PBXNativeTarget section */

/* Begin PBXProject section */
		7824BDC91E21A15D00F5A6E6 /* Project object */ = {
			isa = PBXProject;
			attributes = {
				LastSwiftUpdateCheck = 0820;
				LastUpgradeCheck = 0820;
				ORGANIZATIONNAME = "Kirin Patel";
				TargetAttributes = {
					7824BDD01E21A15D00F5A6E6 = {
						CreatedOnToolsVersion = 8.2.1;
						DevelopmentTeam = H94YHZ75GL;
						ProvisioningStyle = Automatic;
					};
					7824BDE41E21A15E00F5A6E6 = {
						CreatedOnToolsVersion = 8.2.1;
						ProvisioningStyle = Automatic;
						TestTargetID = 7824BDD01E21A15D00F5A6E6;
					};
					7824BDEF1E21A15E00F5A6E6 = {
						CreatedOnToolsVersion = 8.2.1;
						ProvisioningStyle = Automatic;
						TestTargetID = 7824BDD01E21A15D00F5A6E6;
					};
				};
			};
			buildConfigurationList = 7824BDCC1E21A15D00F5A6E6 /* Build configuration list for PBXProject "FoodTracker" */;
			compatibilityVersion = "Xcode 3.2";
			developmentRegion = English;
			hasScannedForEncodings = 0;
			knownRegions = (
				en,
				Base,
			);
			mainGroup = 7824BDC81E21A15D00F5A6E6;
			productRefGroup = 7824BDD21E21A15D00F5A6E6 /* Products */;
			projectDirPath = "";
			projectRoot = "";
			targets = (
				7824BDD01E21A15D00F5A6E6 /* FoodTracker */,
				7824BDE41E21A15E00F5A6E6 /* FoodTrackerTests */,
				7824BDEF1E21A15E00F5A6E6 /* FoodTrackerUITests */,
			);
		};
/* End PBXProject section */

/* Begin PBXResourcesBuildPhase section */
		7824BDCF1E21A15D00F5A6E6 /* Resources */ = {
			isa = PBXResourcesBuildPhase;
			buildActionMask = 2147483647;
			files = (
				7824BDDF1E21A15E00F5A6E6 /* LaunchScreen.storyboard in Resources */,
				7824BDDC1E21A15E00F5A6E6 /* Assets.xcassets in Resources */,
				7824BDDA1E21A15E00F5A6E6 /* Main.storyboard in Resources */,
			);
			runOnlyForDeploymentPostprocessing = 0;
		};
		7824BDE31E21A15E00F5A6E6 /* Resources */ = {
			isa = PBXResourcesBuildPhase;
			buildActionMask = 2147483647;
			files = (
			);
			runOnlyForDeploymentPostprocessing = 0;
		};
		7824BDEE1E21A15E00F5A6E6 /* Resources */ = {
			isa = PBXResourcesBuildPhase;
			buildActionMask = 2147483647;
			files = (
			);
			runOnlyForDeploymentPostprocessing = 0;
		};
/* End PBXResourcesBuildPhase section */

/* Begin PBXSourcesBuildPhase section */
		7824BDCD1E21A15D00F5A6E6 /* Sources */ = {
			isa = PBXSourcesBuildPhase;
			buildActionMask = 2147483647;
			files = (
				784CA03D1E22BDC300978ABF /* Meal.swift in Sources */,
				7824BDD71E21A15E00F5A6E6 /* MealViewController.swift in Sources */,
				784CA03B1E22B2EF00978ABF /* RatingControl.swift in Sources */,
				7824BDD51E21A15E00F5A6E6 /* AppDelegate.swift in Sources */,
				782581B01E233CEE00AA0345 /* MealTableViewController.swift in Sources */,
				783EC41F1E23397500615DEB /* MealTableViewCell.swift in Sources */,
			);
			runOnlyForDeploymentPostprocessing = 0;
		};
		7824BDE11E21A15E00F5A6E6 /* Sources */ = {
			isa = PBXSourcesBuildPhase;
			buildActionMask = 2147483647;
			files = (
				7824BDEA1E21A15E00F5A6E6 /* FoodTrackerTests.swift in Sources */,
			);
			runOnlyForDeploymentPostprocessing = 0;
		};
		7824BDEC1E21A15E00F5A6E6 /* Sources */ = {
			isa = PBXSourcesBuildPhase;
			buildActionMask = 2147483647;
			files = (
				7824BDF51E21A15E00F5A6E6 /* FoodTrackerUITests.swift in Sources */,
			);
			runOnlyForDeploymentPostprocessing = 0;
		};
/* End PBXSourcesBuildPhase section */

/* Begin PBXTargetDependency section */
		7824BDE71E21A15E00F5A6E6 /* PBXTargetDependency */ = {
			isa = PBXTargetDependency;
			target = 7824BDD01E21A15D00F5A6E6 /* FoodTracker */;
			targetProxy = 7824BDE61E21A15E00F5A6E6 /* PBXContainerItemProxy */;
		};
		7824BDF21E21A15E00F5A6E6 /* PBXTargetDependency */ = {
			isa = PBXTargetDependency;
			target = 7824BDD01E21A15D00F5A6E6 /* FoodTracker */;
			targetProxy = 7824BDF11E21A15E00F5A6E6 /* PBXContainerItemProxy */;
		};
/* End PBXTargetDependency section */

/* Begin PBXVariantGroup section */
		7824BDD81E21A15E00F5A6E6 /* Main.storyboard */ = {
			isa = PBXVariantGroup;
			children = (
				7824BDD91E21A15E00F5A6E6 /* Base */,
			);
			name = Main.storyboard;
			sourceTree = "<group>";
		};
		7824BDDD1E21A15E00F5A6E6 /* LaunchScreen.storyboard */ = {
			isa = PBXVariantGroup;
			children = (
				7824BDDE1E21A15E00F5A6E6 /* Base */,
			);
			name = LaunchScreen.storyboard;
			sourceTree = "<group>";
		};
/* End PBXVariantGroup section */

/* Begin XCBuildConfiguration section */
		7824BDF71E21A15E00F5A6E6 /* Debug */ = {
			isa = XCBuildConfiguration;
			buildSettings = {
				ALWAYS_SEARCH_USER_PATHS = NO;
				CLANG_ANALYZER_NONNULL = YES;
				CLANG_CXX_LANGUAGE_STANDARD = "gnu++0x";
				CLANG_CXX_LIBRARY = "libc++";
				CLANG_ENABLE_MODULES = YES;
				CLANG_ENABLE_OBJC_ARC = YES;
				CLANG_WARN_BOOL_CONVERSION = YES;
				CLANG_WARN_CONSTANT_CONVERSION = YES;
				CLANG_WARN_DIRECT_OBJC_ISA_USAGE = YES_ERROR;
				CLANG_WARN_DOCUMENTATION_COMMENTS = YES;
				CLANG_WARN_EMPTY_BODY = YES;
				CLANG_WARN_ENUM_CONVERSION = YES;
				CLANG_WARN_INFINITE_RECURSION = YES;
				CLANG_WARN_INT_CONVERSION = YES;
				CLANG_WARN_OBJC_ROOT_CLASS = YES_ERROR;
				CLANG_WARN_SUSPICIOUS_MOVE = YES;
				CLANG_WARN_UNREACHABLE_CODE = YES;
				CLANG_WARN__DUPLICATE_METHOD_MATCH = YES;
				"CODE_SIGN_IDENTITY[sdk=iphoneos*]" = "iPhone Developer";
				COPY_PHASE_STRIP = NO;
				DEBUG_INFORMATION_FORMAT = dwarf;
				ENABLE_STRICT_OBJC_MSGSEND = YES;
				ENABLE_TESTABILITY = YES;
				GCC_C_LANGUAGE_STANDARD = gnu99;
				GCC_DYNAMIC_NO_PIC = NO;
				GCC_NO_COMMON_BLOCKS = YES;
				GCC_OPTIMIZATION_LEVEL = 0;
				GCC_PREPROCESSOR_DEFINITIONS = (
					"DEBUG=1",
					"$(inherited)",
				);
				GCC_WARN_64_TO_32_BIT_CONVERSION = YES;
				GCC_WARN_ABOUT_RETURN_TYPE = YES_ERROR;
				GCC_WARN_UNDECLARED_SELECTOR = YES;
				GCC_WARN_UNINITIALIZED_AUTOS = YES_AGGRESSIVE;
				GCC_WARN_UNUSED_FUNCTION = YES;
				GCC_WARN_UNUSED_VARIABLE = YES;
				IPHONEOS_DEPLOYMENT_TARGET = 10.2;
				MTL_ENABLE_DEBUG_INFO = YES;
				ONLY_ACTIVE_ARCH = YES;
				SDKROOT = iphoneos;
				SWIFT_ACTIVE_COMPILATION_CONDITIONS = DEBUG;
				SWIFT_OPTIMIZATION_LEVEL = "-Onone";
				TARGETED_DEVICE_FAMILY = "1,2";
			};
			name = Debug;
		};
		7824BDF81E21A15E00F5A6E6 /* Release */ = {
			isa = XCBuildConfiguration;
			buildSettings = {
				ALWAYS_SEARCH_USER_PATHS = NO;
				CLANG_ANALYZER_NONNULL = YES;
				CLANG_CXX_LANGUAGE_STANDARD = "gnu++0x";
				CLANG_CXX_LIBRARY = "libc++";
				CLANG_ENABLE_MODULES = YES;
				CLANG_ENABLE_OBJC_ARC = YES;
				CLANG_WARN_BOOL_CONVERSION = YES;
				CLANG_WARN_CONSTANT_CONVERSION = YES;
				CLANG_WARN_DIRECT_OBJC_ISA_USAGE = YES_ERROR;
				CLANG_WARN_DOCUMENTATION_COMMENTS = YES;
				CLANG_WARN_EMPTY_BODY = YES;
				CLANG_WARN_ENUM_CONVERSION = YES;
				CLANG_WARN_INFINITE_RECURSION = YES;
				CLANG_WARN_INT_CONVERSION = YES;
				CLANG_WARN_OBJC_ROOT_CLASS = YES_ERROR;
				CLANG_WARN_SUSPICIOUS_MOVE = YES;
				CLANG_WARN_UNREACHABLE_CODE = YES;
				CLANG_WARN__DUPLICATE_METHOD_MATCH = YES;
				"CODE_SIGN_IDENTITY[sdk=iphoneos*]" = "iPhone Developer";
				COPY_PHASE_STRIP = NO;
				DEBUG_INFORMATION_FORMAT = "dwarf-with-dsym";
				ENABLE_NS_ASSERTIONS = NO;
				ENABLE_STRICT_OBJC_MSGSEND = YES;
				GCC_C_LANGUAGE_STANDARD = gnu99;
				GCC_NO_COMMON_BLOCKS = YES;
				GCC_WARN_64_TO_32_BIT_CONVERSION = YES;
				GCC_WARN_ABOUT_RETURN_TYPE = YES_ERROR;
				GCC_WARN_UNDECLARED_SELECTOR = YES;
				GCC_WARN_UNINITIALIZED_AUTOS = YES_AGGRESSIVE;
				GCC_WARN_UNUSED_FUNCTION = YES;
				GCC_WARN_UNUSED_VARIABLE = YES;
				IPHONEOS_DEPLOYMENT_TARGET = 10.2;
				MTL_ENABLE_DEBUG_INFO = NO;
				SDKROOT = iphoneos;
				SWIFT_OPTIMIZATION_LEVEL = "-Owholemodule";
				TARGETED_DEVICE_FAMILY = "1,2";
				VALIDATE_PRODUCT = YES;
			};
			name = Release;
		};
		7824BDFA1E21A15E00F5A6E6 /* Debug */ = {
			isa = XCBuildConfiguration;
			buildSettings = {
				ASSETCATALOG_COMPILER_APPICON_NAME = AppIcon;
				DEVELOPMENT_TEAM = H94YHZ75GL;
				INFOPLIST_FILE = FoodTracker/Info.plist;
				LD_RUNPATH_SEARCH_PATHS = "$(inherited) @executable_path/Frameworks";
				PRODUCT_BUNDLE_IDENTIFIER = kirinpatel.FoodTracker;
				PRODUCT_NAME = "$(TARGET_NAME)";
				SWIFT_VERSION = 3.0;
			};
			name = Debug;
		};
		7824BDFB1E21A15E00F5A6E6 /* Release */ = {
			isa = XCBuildConfiguration;
			buildSettings = {
				ASSETCATALOG_COMPILER_APPICON_NAME = AppIcon;
				DEVELOPMENT_TEAM = H94YHZ75GL;
				INFOPLIST_FILE = FoodTracker/Info.plist;
				LD_RUNPATH_SEARCH_PATHS = "$(inherited) @executable_path/Frameworks";
				PRODUCT_BUNDLE_IDENTIFIER = kirinpatel.FoodTracker;
				PRODUCT_NAME = "$(TARGET_NAME)";
				SWIFT_VERSION = 3.0;
			};
			name = Release;
		};
		7824BDFD1E21A15E00F5A6E6 /* Debug */ = {
			isa = XCBuildConfiguration;
			buildSettings = {
				ALWAYS_EMBED_SWIFT_STANDARD_LIBRARIES = YES;
				BUNDLE_LOADER = "$(TEST_HOST)";
				INFOPLIST_FILE = FoodTrackerTests/Info.plist;
				LD_RUNPATH_SEARCH_PATHS = "$(inherited) @executable_path/Frameworks @loader_path/Frameworks";
				PRODUCT_BUNDLE_IDENTIFIER = kirinpatel.FoodTrackerTests;
				PRODUCT_NAME = "$(TARGET_NAME)";
				SWIFT_VERSION = 3.0;
				TEST_HOST = "$(BUILT_PRODUCTS_DIR)/FoodTracker.app/FoodTracker";
			};
			name = Debug;
		};
		7824BDFE1E21A15E00F5A6E6 /* Release */ = {
			isa = XCBuildConfiguration;
			buildSettings = {
				ALWAYS_EMBED_SWIFT_STANDARD_LIBRARIES = YES;
				BUNDLE_LOADER = "$(TEST_HOST)";
				INFOPLIST_FILE = FoodTrackerTests/Info.plist;
				LD_RUNPATH_SEARCH_PATHS = "$(inherited) @executable_path/Frameworks @loader_path/Frameworks";
				PRODUCT_BUNDLE_IDENTIFIER = kirinpatel.FoodTrackerTests;
				PRODUCT_NAME = "$(TARGET_NAME)";
				SWIFT_VERSION = 3.0;
				TEST_HOST = "$(BUILT_PRODUCTS_DIR)/FoodTracker.app/FoodTracker";
			};
			name = Release;
		};
		7824BE001E21A15E00F5A6E6 /* Debug */ = {
			isa = XCBuildConfiguration;
			buildSettings = {
				ALWAYS_EMBED_SWIFT_STANDARD_LIBRARIES = YES;
				INFOPLIST_FILE = FoodTrackerUITests/Info.plist;
				LD_RUNPATH_SEARCH_PATHS = "$(inherited) @executable_path/Frameworks @loader_path/Frameworks";
				PRODUCT_BUNDLE_IDENTIFIER = kirinpatel.FoodTrackerUITests;
				PRODUCT_NAME = "$(TARGET_NAME)";
				SWIFT_VERSION = 3.0;
				TEST_TARGET_NAME = FoodTracker;
			};
			name = Debug;
		};
		7824BE011E21A15E00F5A6E6 /* Release */ = {
			isa = XCBuildConfiguration;
			buildSettings = {
				ALWAYS_EMBED_SWIFT_STANDARD_LIBRARIES = YES;
				INFOPLIST_FILE = FoodTrackerUITests/Info.plist;
				LD_RUNPATH_SEARCH_PATHS = "$(inherited) @executable_path/Frameworks @loader_path/Frameworks";
				PRODUCT_BUNDLE_IDENTIFIER = kirinpatel.FoodTrackerUITests;
				PRODUCT_NAME = "$(TARGET_NAME)";
				SWIFT_VERSION = 3.0;
				TEST_TARGET_NAME = FoodTracker;
			};
			name = Release;
		};
/* End XCBuildConfiguration section */

/* Begin XCConfigurationList section */
		7824BDCC1E21A15D00F5A6E6 /* Build configuration list for PBXProject "FoodTracker" */ = {
			isa = XCConfigurationList;
			buildConfigurations = (
				7824BDF71E21A15E00F5A6E6 /* Debug */,
				7824BDF81E21A15E00F5A6E6 /* Release */,
			);
			defaultConfigurationIsVisible = 0;
			defaultConfigurationName = Release;
		};
		7824BDF91E21A15E00F5A6E6 /* Build configuration list for PBXNativeTarget "FoodTracker" */ = {
			isa = XCConfigurationList;
			buildConfigurations = (
				7824BDFA1E21A15E00F5A6E6 /* Debug */,
				7824BDFB1E21A15E00F5A6E6 /* Release */,
			);
			defaultConfigurationIsVisible = 0;
			defaultConfigurationName = Release;
		};
		7824BDFC1E21A15E00F5A6E6 /* Build configuration list for PBXNativeTarget "FoodTrackerTests" */ = {
			isa = XCConfigurationList;
			buildConfigurations = (
				7824BDFD1E21A15E00F5A6E6 /* Debug */,
				7824BDFE1E21A15E00F5A6E6 /* Release */,
			);
			defaultConfigurationIsVisible = 0;
			defaultConfigurationName = Release;
		};
		7824BDFF1E21A15E00F5A6E6 /* Build configuration list for PBXNativeTarget "FoodTrackerUITests" */ = {
			isa = XCConfigurationList;
			buildConfigurations = (
				7824BE001E21A15E00F5A6E6 /* Debug */,
				7824BE011E21A15E00F5A6E6 /* Release */,
			);
			defaultConfigurationIsVisible = 0;
			defaultConfigurationName = Release;
		};
/* End XCConfigurationList section */
	};
	rootObject = 7824BDC91E21A15D00F5A6E6 /* Project object */;
}
